<?xml version="1.0" encoding="UTF-8"?>
<!DOCTYPE plist PUBLIC "-//Apple//DTD PLIST 1.0//EN" "http://www.apple.com/DTDs/PropertyList-1.0.dtd">
<plist version="1.0">
<dict>
	<key>archiveVersion</key>
	<string>1</string>
	<key>classes</key>
	<dict/>
	<key>objectVersion</key>
	<string>56</string>
	<key>objects</key>
	<dict>
		<key>111111111111111111111111</key>
		<dict>
			<key>isa</key>
			<string>PBXFileReference</string>
			<key>lastKnownFileType</key>
			<string>sourcecode.swift</string>
			<key>path</key>
			<string>TokensApp.swift</string>
			<key>sourceTree</key>
			<string>&lt;group&gt;</string>
		</dict>
		<key>111111111111111111111112</key>
		<dict>
			<key>isa</key>
			<string>PBXFileReference</string>
			<key>lastKnownFileType</key>
			<string>sourcecode.swift</string>
			<key>path</key>
			<string>AppState.swift</string>
			<key>sourceTree</key>
			<string>&lt;group&gt;</string>
		</dict>
		<key>111111111111111111111113</key>
		<dict>
			<key>isa</key>
			<string>PBXFileReference</string>
			<key>lastKnownFileType</key>
			<string>sourcecode.swift</string>
			<key>path</key>
			<string>ScanScheduler.swift</string>
			<key>sourceTree</key>
			<string>&lt;group&gt;</string>
		</dict>
		<key>111111111111111111111114</key>
		<dict>
			<key>isa</key>
			<string>PBXFileReference</string>
			<key>lastKnownFileType</key>
			<string>sourcecode.swift</string>
			<key>path</key>
			<string>SourceRegistry.swift</string>
			<key>sourceTree</key>
			<string>&lt;group&gt;</string>
		</dict>
		<key>111111111111111111111115</key>
		<dict>
			<key>isa</key>
			<string>PBXFileReference</string>
			<key>lastKnownFileType</key>
			<string>sourcecode.swift</string>
			<key>path</key>
			<string>SnapshotStore.swift</string>
			<key>sourceTree</key>
			<string>&lt;group&gt;</string>
		</dict>
		<key>111111111111111111111116</key>
		<dict>
			<key>isa</key>
			<string>PBXFileReference</string>
			<key>lastKnownFileType</key>
			<string>sourcecode.swift</string>
			<key>path</key>
			<string>CollectorRunner.swift</string>
			<key>sourceTree</key>
			<string>&lt;group&gt;</string>
		</dict>
		<key>111111111111111111111117</key>
		<dict>
			<key>isa</key>
			<string>PBXFileReference</string>
			<key>lastKnownFileType</key>
			<string>sourcecode.swift</string>
			<key>path</key>
			<string>Formatting.swift</string>
			<key>sourceTree</key>
			<string>&lt;group&gt;</string>
		</dict>
		<key>111111111111111111111118</key>
		<dict>
			<key>isa</key>
			<string>PBXFileReference</string>
			<key>lastKnownFileType</key>
			<string>sourcecode.swift</string>
			<key>path</key>
			<string>SharedViews.swift</string>
			<key>sourceTree</key>
			<string>&lt;group&gt;</string>
		</dict>
		<key>111111111111111111111119</key>
		<dict>
			<key>isa</key>
			<string>PBXFileReference</string>
			<key>lastKnownFileType</key>
			<string>sourcecode.swift</string>
			<key>path</key>
			<string>OverviewView.swift</string>
			<key>sourceTree</key>
			<string>&lt;group&gt;</string>
		</dict>
		<key>11111111111111111111111A</key>
		<dict>
			<key>isa</key>
			<string>PBXFileReference</string>
			<key>lastKnownFileType</key>
			<string>sourcecode.swift</string>
			<key>path</key>
			<string>ModelsView.swift</string>
			<key>sourceTree</key>
			<string>&lt;group&gt;</string>
		</dict>
		<key>11111111111111111111111B</key>
		<dict>
			<key>isa</key>
			<string>PBXFileReference</string>
			<key>lastKnownFileType</key>
			<string>sourcecode.swift</string>
			<key>path</key>
			<string>SourcesView.swift</string>
			<key>sourceTree</key>
			<string>&lt;group&gt;</string>
		</dict>
		<key>11111111111111111111111C</key>
		<dict>
			<key>isa</key>
			<string>PBXFileReference</string>
			<key>lastKnownFileType</key>
			<string>sourcecode.swift</string>
			<key>path</key>
			<string>WidgetsView.swift</string>
			<key>sourceTree</key>
			<string>&lt;group&gt;</string>
		</dict>
		<key>11111111111111111111111D</key>
		<dict>
			<key>isa</key>
			<string>PBXFileReference</string>
			<key>lastKnownFileType</key>
			<string>sourcecode.swift</string>
			<key>path</key>
			<string>SettingsView.swift</string>
			<key>sourceTree</key>
			<string>&lt;group&gt;</string>
		</dict>
		<key>11111111111111111111111E</key>
		<dict>
			<key>isa</key>
			<string>PBXFileReference</string>
			<key>lastKnownFileType</key>
			<string>sourcecode.swift</string>
			<key>path</key>
			<string>MenuBarView.swift</string>
			<key>sourceTree</key>
			<string>&lt;group&gt;</string>
		</dict>
		<key>11111111111111111111111F</key>
		<dict>
			<key>isa</key>
			<string>PBXFileReference</string>
			<key>lastKnownFileType</key>
			<string>sourcecode.swift</string>
			<key>path</key>
			<string>OnboardingView.swift</string>
			<key>sourceTree</key>
			<string>&lt;group&gt;</string>
		</dict>
		<key>111111111111111111111120</key>
		<dict>
			<key>isa</key>
			<string>PBXFileReference</string>
			<key>lastKnownFileType</key>
			<string>sourcecode.swift</string>
			<key>path</key>
			<string>RangeProjection.swift</string>
			<key>sourceTree</key>
			<string>&lt;group&gt;</string>
		</dict>
		<key>222222222222222222222221</key>
		<dict>
			<key>isa</key>
			<string>PBXFileReference</string>
			<key>lastKnownFileType</key>
			<string>sourcecode.swift</string>
			<key>path</key>
			<string>Shared/UsageSnapshot.swift</string>
			<key>sourceTree</key>
			<string>SOURCE_ROOT</string>
		</dict>
		<key>222222222222222222222222</key>
		<dict>
			<key>isa</key>
			<string>PBXFileReference</string>
			<key>lastKnownFileType</key>
			<string>sourcecode.swift</string>
			<key>path</key>
			<string>Shared/UsageAggregation.swift</string>
			<key>sourceTree</key>
			<string>SOURCE_ROOT</string>
		</dict>
		<key>222222222222222222222223</key>
		<dict>
			<key>isa</key>
			<string>PBXFileReference</string>
			<key>lastKnownFileType</key>
			<string>sourcecode.swift</string>
			<key>path</key>
			<string>Shared/WidgetSnapshot.swift</string>
			<key>sourceTree</key>
			<string>SOURCE_ROOT</string>
		</dict>
		<key>W11111111111111111111111</key>
		<dict>
			<key>isa</key>
			<string>PBXFileReference</string>
			<key>lastKnownFileType</key>
			<string>sourcecode.swift</string>
			<key>path</key>
			<string>WidgetData.swift</string>
			<key>sourceTree</key>
			<string>&lt;group&gt;</string>
		</dict>
		<key>W11111111111111111111112</key>
		<dict>
			<key>isa</key>
			<string>PBXFileReference</string>
			<key>lastKnownFileType</key>
			<string>sourcecode.swift</string>
			<key>path</key>
			<string>TokensWidget.swift</string>
			<key>sourceTree</key>
			<string>&lt;group&gt;</string>
		</dict>
		<key>W11111111111111111111113</key>
		<dict>
			<key>isa</key>
			<string>PBXFileReference</string>
			<key>lastKnownFileType</key>
			<string>sourcecode.swift</string>
			<key>path</key>
			<string>WidgetViews.swift</string>
			<key>sourceTree</key>
			<string>&lt;group&gt;</string>
		</dict>
		<key>333333333333333333333333</key>
		<dict>
			<key>isa</key>
			<string>PBXFileReference</string>
			<key>lastKnownFileType</key>
			<string>compiled.mach-o.executable</string>
			<key>path</key>
			<string>.build/collector-target/release/tokens-collector</string>
			<key>sourceTree</key>
			<string>SOURCE_ROOT</string>
		</dict>
		<key>444444444444444444444444</key>
		<dict>
			<key>isa</key>
			<string>PBXFileReference</string>
			<key>explicitFileType</key>
			<string>wrapper.application</string>
			<key>path</key>
			<string>Tokens.app</string>
			<key>sourceTree</key>
			<string>BUILT_PRODUCTS_DIR</string>
		</dict>
		<key>W44444444444444444444444</key>
		<dict>
			<key>isa</key>
			<string>PBXFileReference</string>
			<key>explicitFileType</key>
			<string>wrapper.app-extension</string>
			<key>path</key>
			<string>TokensWidget.appex</string>
			<key>sourceTree</key>
			<string>BUILT_PRODUCTS_DIR</string>
		</dict>
		<key>T000000000000000000000002</key>
		<dict>
			<key>isa</key>
			<string>PBXGroup</string>
			<key>children</key>
			<array>
				<string>T000000000000000000000003</string>
				<string>T000000000000000000000005</string>
				<string>W00000000000000000000007</string>
				<string>T000000000000000000000006</string>
			</array>
			<key>sourceTree</key>
			<string>&lt;group&gt;</string>
		</dict>
		<key>W00000000000000000000007</key>
		<dict>
			<key>isa</key>
			<string>PBXGroup</string>
			<key>children</key>
			<array>
				<string>W11111111111111111111111</string>
				<string>W11111111111111111111112</string>
				<string>W11111111111111111111113</string>
			</array>
			<key>path</key>
			<string>TokensWidget</string>
			<key>sourceTree</key>
			<string>&lt;group&gt;</string>
		</dict>
		<key>T000000000000000000000003</key>
		<dict>
			<key>isa</key>
			<string>PBXGroup</string>
			<key>children</key>
			<array>
				<string>111111111111111111111111</string>
				<string>111111111111111111111112</string>
				<string>111111111111111111111113</string>
				<string>111111111111111111111114</string>
				<string>111111111111111111111115</string>
				<string>111111111111111111111116</string>
				<string>111111111111111111111117</string>
				<string>111111111111111111111120</string>
				<string>T000000000000000000000004</string>
				<string>333333333333333333333333</string>
			</array>
			<key>path</key>
			<string>TokensApp</string>
			<key>sourceTree</key>
			<string>&lt;group&gt;</string>
		</dict>
		<key>T000000000000000000000004</key>
		<dict>
			<key>isa</key>
			<string>PBXGroup</string>
			<key>children</key>
			<array>
				<string>111111111111111111111118</string>
				<string>111111111111111111111119</string>
				<string>11111111111111111111111A</string>
				<string>11111111111111111111111B</string>
				<string>11111111111111111111111C</string>
				<string>11111111111111111111111D</string>
				<string>11111111111111111111111E</string>
				<string>11111111111111111111111F</string>
			</array>
			<key>path</key>
			<string>Views</string>
			<key>sourceTree</key>
			<string>&lt;group&gt;</string>
		</dict>
		<key>T000000000000000000000005</key>
		<dict>
			<key>isa</key>
			<string>PBXGroup</string>
			<key>children</key>
			<array>
				<string>222222222222222222222221</string>
				<string>222222222222222222222222</string>
				<string>222222222222222222222223</string>
			</array>
			<key>name</key>
			<string>Shared</string>
			<key>sourceTree</key>
			<string>&lt;group&gt;</string>
		</dict>
		<key>T000000000000000000000006</key>
		<dict>
			<key>isa</key>
			<string>PBXGroup</string>
			<key>children</key>
			<array>
				<string>444444444444444444444444</string>
				<string>W44444444444444444444444</string>
			</array>
			<key>name</key>
			<string>Products</string>
			<key>sourceTree</key>
			<string>&lt;group&gt;</string>
		</dict>
		<key>555555555555555555555501</key>
		<dict>
			<key>isa</key>
			<string>PBXBuildFile</string>
			<key>fileRef</key>
			<string>111111111111111111111111</string>
		</dict>
		<key>555555555555555555555502</key>
		<dict>
			<key>isa</key>
			<string>PBXBuildFile</string>
			<key>fileRef</key>
			<string>111111111111111111111112</string>
		</dict>
		<key>555555555555555555555503</key>
		<dict>
			<key>isa</key>
			<string>PBXBuildFile</string>
			<key>fileRef</key>
			<string>111111111111111111111113</string>
		</dict>
		<key>555555555555555555555504</key>
		<dict>
			<key>isa</key>
			<string>PBXBuildFile</string>
			<key>fileRef</key>
			<string>111111111111111111111114</string>
		</dict>
		<key>555555555555555555555505</key>
		<dict>
			<key>isa</key>
			<string>PBXBuildFile</string>
			<key>fileRef</key>
			<string>111111111111111111111115</string>
		</dict>
		<key>555555555555555555555506</key>
		<dict>
			<key>isa</key>
			<string>PBXBuildFile</string>
			<key>fileRef</key>
			<string>111111111111111111111116</string>
		</dict>
		<key>555555555555555555555507</key>
		<dict>
			<key>isa</key>
			<string>PBXBuildFile</string>
			<key>fileRef</key>
			<string>111111111111111111111117</string>
		</dict>
		<key>555555555555555555555510</key>
		<dict>
			<key>isa</key>
			<string>PBXBuildFile</string>
			<key>fileRef</key>
			<string>111111111111111111111120</string>
		</dict>
		<key>555555555555555555555508</key>
		<dict>
			<key>isa</key>
			<string>PBXBuildFile</string>
			<key>fileRef</key>
			<string>111111111111111111111118</string>
		</dict>
		<key>555555555555555555555509</key>
		<dict>
			<key>isa</key>
			<string>PBXBuildFile</string>
			<key>fileRef</key>
			<string>111111111111111111111119</string>
		</dict>
		<key>55555555555555555555550A</key>
		<dict>
			<key>isa</key>
			<string>PBXBuildFile</string>
			<key>fileRef</key>
			<string>11111111111111111111111A</string>
		</dict>
		<key>55555555555555555555550B</key>
		<dict>
			<key>isa</key>
			<string>PBXBuildFile</string>
			<key>fileRef</key>
			<string>11111111111111111111111B</string>
		</dict>
		<key>55555555555555555555550C</key>
		<dict>
			<key>isa</key>
			<string>PBXBuildFile</string>
			<key>fileRef</key>
			<string>11111111111111111111111C</string>
		</dict>
		<key>55555555555555555555550D</key>
		<dict>
			<key>isa</key>
			<string>PBXBuildFile</string>
			<key>fileRef</key>
			<string>11111111111111111111111D</string>
		</dict>
		<key>55555555555555555555550E</key>
		<dict>
			<key>isa</key>
			<string>PBXBuildFile</string>
			<key>fileRef</key>
			<string>11111111111111111111111E</string>
		</dict>
		<key>55555555555555555555550F</key>
		<dict>
			<key>isa</key>
			<string>PBXBuildFile</string>
			<key>fileRef</key>
			<string>11111111111111111111111F</string>
		</dict>
		<key>555555555555555555555521</key>
		<dict>
			<key>isa</key>
			<string>PBXBuildFile</string>
			<key>fileRef</key>
			<string>222222222222222222222221</string>
		</dict>
		<key>555555555555555555555522</key>
		<dict>
			<key>isa</key>
			<string>PBXBuildFile</string>
			<key>fileRef</key>
			<string>222222222222222222222222</string>
		</dict>
		<key>555555555555555555555523</key>
		<dict>
			<key>isa</key>
			<string>PBXBuildFile</string>
			<key>fileRef</key>
			<string>222222222222222222222223</string>
		</dict>
		<key>666666666666666666666666</key>
		<dict>
			<key>isa</key>
			<string>PBXBuildFile</string>
			<key>fileRef</key>
			<string>333333333333333333333333</string>
			<key>settings</key>
			<dict>
				<key>ATTRIBUTES</key>
				<array>
					<string>CodeSignOnCopy</string>
				</array>
			</dict>
		</dict>
		<key>W55555555555555555555551</key>
		<dict>
			<key>isa</key>
			<string>PBXBuildFile</string>
			<key>fileRef</key>
			<string>W11111111111111111111111</string>
		</dict>
		<key>W55555555555555555555552</key>
		<dict>
			<key>isa</key>
			<string>PBXBuildFile</string>
			<key>fileRef</key>
			<string>W11111111111111111111112</string>
		</dict>
		<key>W55555555555555555555553</key>
		<dict>
			<key>isa</key>
			<string>PBXBuildFile</string>
			<key>fileRef</key>
			<string>W11111111111111111111113</string>
		</dict>
		<key>W55555555555555555555554</key>
		<dict>
			<key>isa</key>
			<string>PBXBuildFile</string>
			<key>fileRef</key>
			<string>222222222222222222222221</string>
		</dict>
		<key>W55555555555555555555555</key>
		<dict>
			<key>isa</key>
			<string>PBXBuildFile</string>
			<key>fileRef</key>
			<string>222222222222222222222222</string>
		</dict>
		<key>W55555555555555555555556</key>
		<dict>
			<key>isa</key>
			<string>PBXBuildFile</string>
			<key>fileRef</key>
			<string>222222222222222222222223</string>
		</dict>
		<key>W55555555555555555555557</key>
		<dict>
			<key>isa</key>
			<string>PBXBuildFile</string>
			<key>fileRef</key>
			<string>W44444444444444444444444</string>
		</dict>
		<key>777777777777777777777777</key>
		<dict>
			<key>isa</key>
			<string>PBXSourcesBuildPhase</string>
			<key>buildActionMask</key>
			<integer>2147483647</integer>
			<key>files</key>
			<array>
				<string>555555555555555555555501</string>
				<string>555555555555555555555502</string>
				<string>555555555555555555555503</string>
				<string>555555555555555555555504</string>
				<string>555555555555555555555505</string>
				<string>555555555555555555555506</string>
				<string>555555555555555555555507</string>
				<string>555555555555555555555510</string>
				<string>555555555555555555555508</string>
				<string>555555555555555555555509</string>
				<string>55555555555555555555550A</string>
				<string>55555555555555555555550B</string>
				<string>55555555555555555555550C</string>
				<string>55555555555555555555550D</string>
				<string>55555555555555555555550E</string>
				<string>55555555555555555555550F</string>
				<string>555555555555555555555521</string>
				<string>555555555555555555555522</string>
				<string>555555555555555555555523</string>
			</array>
			<key>runOnlyForDeploymentPostprocessing</key>
			<integer>0</integer>
		</dict>
		<key>777777777777777777777778</key>
		<dict>
			<key>isa</key>
			<string>PBXFrameworksBuildPhase</string>
			<key>buildActionMask</key>
			<integer>2147483647</integer>
			<key>files</key>
			<array/>
			<key>runOnlyForDeploymentPostprocessing</key>
			<integer>0</integer>
		</dict>
		<key>777777777777777777777779</key>
		<dict>
			<key>isa</key>
			<string>PBXResourcesBuildPhase</string>
			<key>buildActionMask</key>
			<integer>2147483647</integer>
			<key>files</key>
			<array/>
			<key>runOnlyForDeploymentPostprocessing</key>
			<integer>0</integer>
		</dict>
		<key>77777777777777777777777A</key>
		<dict>
			<key>isa</key>
			<string>PBXCopyFilesBuildPhase</string>
			<key>buildActionMask</key>
			<integer>2147483647</integer>
			<key>dstPath</key>
			<string></string>
			<key>dstSubfolderSpec</key>
			<integer>6</integer>
			<key>files</key>
			<array>
				<string>666666666666666666666666</string>
			</array>
			<key>name</key>
			<string>Copy Helper Executable</string>
			<key>runOnlyForDeploymentPostprocessing</key>
			<integer>0</integer>
		</dict>
		<key>W77777777777777777777771</key>
		<dict>
			<key>isa</key>
			<string>PBXSourcesBuildPhase</string>
			<key>buildActionMask</key>
			<integer>2147483647</integer>
			<key>files</key>
			<array>
				<string>W55555555555555555555551</string>
				<string>W55555555555555555555552</string>
				<string>W55555555555555555555553</string>
				<string>W55555555555555555555554</string>
				<string>W55555555555555555555555</string>
				<string>W55555555555555555555556</string>
			</array>
			<key>runOnlyForDeploymentPostprocessing</key>
			<integer>0</integer>
		</dict>
		<key>W77777777777777777777772</key>
		<dict>
			<key>isa</key>
			<string>PBXFrameworksBuildPhase</string>
			<key>buildActionMask</key>
			<integer>2147483647</integer>
			<key>files</key>
			<array/>
			<key>runOnlyForDeploymentPostprocessing</key>
			<integer>0</integer>
		</dict>
		<key>W77777777777777777777773</key>
		<dict>
			<key>isa</key>
			<string>PBXResourcesBuildPhase</string>
			<key>buildActionMask</key>
			<integer>2147483647</integer>
			<key>files</key>
			<array/>
			<key>runOnlyForDeploymentPostprocessing</key>
			<integer>0</integer>
		</dict>
		<key>W77777777777777777777774</key>
		<dict>
			<key>isa</key>
			<string>PBXCopyFilesBuildPhase</string>
			<key>buildActionMask</key>
			<integer>2147483647</integer>
			<key>dstPath</key>
			<string></string>
			<key>dstSubfolderSpec</key>
			<integer>13</integer>
			<key>files</key>
			<array>
				<string>W55555555555555555555557</string>
			</array>
			<key>name</key>
			<string>Embed App Extensions</string>
			<key>runOnlyForDeploymentPostprocessing</key>
			<integer>0</integer>
		</dict>
		<key>888888888888888888888888</key>
		<dict>
			<key>isa</key>
			<string>PBXNativeTarget</string>
			<key>buildConfigurationList</key>
			<string>BBBBBBBBBBBBBBBBBBBBBBBB</string>
			<key>buildPhases</key>
			<array>
				<string>777777777777777777777777</string>
				<string>777777777777777777777778</string>
				<string>777777777777777777777779</string>
				<string>77777777777777777777777A</string>
				<string>W77777777777777777777774</string>
			</array>
			<key>buildRules</key>
			<array/>
			<key>dependencies</key>
			<array>
				<string>W66666666666666666666666</string>
			</array>
			<key>name</key>
			<string>Tokens</string>
			<key>productName</key>
			<string>Tokens</string>
			<key>productReference</key>
			<string>444444444444444444444444</string>
			<key>productType</key>
			<string>com.apple.product-type.application</string>
		</dict>
		<key>W88888888888888888888888</key>
		<dict>
			<key>isa</key>
			<string>PBXNativeTarget</string>
			<key>buildConfigurationList</key>
			<string>WBBBBBBBBBBBBBBBBBBBBBB</string>
			<key>buildPhases</key>
			<array>
				<string>W77777777777777777777771</string>
				<string>W77777777777777777777772</string>
				<string>W77777777777777777777773</string>
			</array>
			<key>buildRules</key>
			<array/>
			<key>dependencies</key>
			<array/>
			<key>name</key>
			<string>TokensWidget</string>
			<key>productName</key>
			<string>TokensWidget</string>
			<key>productReference</key>
			<string>W44444444444444444444444</string>
			<key>productType</key>
			<string>com.apple.product-type.app-extension</string>
		</dict>
		<key>W66666666666666666666666</key>
		<dict>
			<key>isa</key>
			<string>PBXTargetDependency</string>
			<key>target</key>
			<string>W88888888888888888888888</string>
			<key>targetProxy</key>
			<string>W66666666666666666666667</string>
		</dict>
		<key>W66666666666666666666667</key>
		<dict>
			<key>isa</key>
			<string>PBXContainerItemProxy</string>
			<key>containerPortal</key>
			<string>999999999999999999999999</string>
			<key>proxyType</key>
			<string>1</string>
			<key>remoteGlobalIDString</key>
			<string>W88888888888888888888888</string>
			<key>remoteInfo</key>
			<string>TokensWidget</string>
		</dict>
		<key>999999999999999999999999</key>
		<dict>
			<key>isa</key>
			<string>PBXProject</string>
			<key>attributes</key>
			<dict>
				<key>LastUpgradeCheck</key>
				<string>2660</string>
				<key>TargetAttributes</key>
				<dict>
					<key>888888888888888888888888</key>
					<dict>
						<key>CreatedOnToolsVersion</key>
						<string>26.6</string>
					</dict>
					<key>W88888888888888888888888</key>
					<dict>
						<key>CreatedOnToolsVersion</key>
						<string>26.6</string>
					</dict>
				</dict>
			</dict>
			<key>buildConfigurationList</key>
			<string>AAAAAAAAAAAAAAAAAAAAAAAA</string>
			<key>compatibilityVersion</key>
			<string>Xcode 14.0</string>
			<key>developmentRegion</key>
			<string>en</string>
			<key>hasScannedForEncodings</key>
			<integer>0</integer>
			<key>knownRegions</key>
			<array>
				<string>en</string>
				<string>Base</string>
			</array>
			<key>mainGroup</key>
			<string>T000000000000000000000002</string>
			<key>productRefGroup</key>
			<string>T000000000000000000000006</string>
			<key>projectDirPath</key>
			<string></string>
			<key>projectRoot</key>
			<string></string>
			<key>targets</key>
			<array>
				<string>888888888888888888888888</string>
				<string>W88888888888888888888888</string>
			</array>
		</dict>
		<key>AAAAAAAAAAAAAAAAAAAAAAAA</key>
		<dict>
			<key>isa</key>
			<string>XCConfigurationList</string>
			<key>buildConfigurations</key>
			<array>
				<string>CCCCCCCCCCCCCCCCCCCCCCCC</string>
				<string>CCCCCCCCCCCCCCCCCCCCCCCD</string>
			</array>
			<key>defaultConfigurationIsVisible</key>
			<integer>0</integer>
			<key>defaultConfigurationName</key>
			<string>Debug</string>
		</dict>
		<key>BBBBBBBBBBBBBBBBBBBBBBBB</key>
		<dict>
			<key>isa</key>
			<string>XCConfigurationList</string>
			<key>buildConfigurations</key>
			<array>
				<string>DDDDDDDDDDDDDDDDDDDDDDDD</string>
				<string>DDDDDDDDDDDDDDDDDDDDDDDE</string>
			</array>
			<key>defaultConfigurationIsVisible</key>
			<integer>0</integer>
			<key>defaultConfigurationName</key>
			<string>Debug</string>
		</dict>
		<key>CCCCCCCCCCCCCCCCCCCCCCCC</key>
		<dict>
			<key>isa</key>
			<string>XCBuildConfiguration</string>
			<key>buildSettings</key>
			<dict>
				<key>SDKROOT</key>
				<string>macosx</string>
				<key>MACOSX_DEPLOYMENT_TARGET</key>
				<string>14.0</string>
				<key>SWIFT_VERSION</key>
				<string>5.0</string>
				<key>CLANG_ENABLE_MODULES</key>
				<string>YES</string>
				<key>SWIFT_OPTIMIZATION_LEVEL</key>
				<string>-Onone</string>
				<key>MARKETING_VERSION</key>
				<string>0.1</string>
				<key>CURRENT_PROJECT_VERSION</key>
				<string>1</string>
				<key>COMBINE_HIDPI_IMAGES</key>
				<string>YES</string>
			</dict>
			<key>name</key>
			<string>Debug</string>
		</dict>
		<key>CCCCCCCCCCCCCCCCCCCCCCCD</key>
		<dict>
			<key>isa</key>
			<string>XCBuildConfiguration</string>
			<key>buildSettings</key>
			<dict>
				<key>SDKROOT</key>
				<string>macosx</string>
				<key>MACOSX_DEPLOYMENT_TARGET</key>
				<string>14.0</string>
				<key>SWIFT_VERSION</key>
				<string>5.0</string>
				<key>CLANG_ENABLE_MODULES</key>
				<string>YES</string>
				<key>SWIFT_OPTIMIZATION_LEVEL</key>
				<string>-O</string>
				<key>MARKETING_VERSION</key>
				<string>0.1</string>
				<key>CURRENT_PROJECT_VERSION</key>
				<string>1</string>
				<key>COMBINE_HIDPI_IMAGES</key>
				<string>YES</string>
			</dict>
			<key>name</key>
			<string>Release</string>
		</dict>
		<key>DDDDDDDDDDDDDDDDDDDDDDDD</key>
		<dict>
			<key>isa</key>
			<string>XCBuildConfiguration</string>
			<key>buildSettings</key>
			<dict>
				<key>PRODUCT_NAME</key>
				<string>Tokens</string>
				<key>PRODUCT_BUNDLE_IDENTIFIER</key>
				<string>local.tokensmacos.app</string>
				<key>INFOPLIST_FILE</key>
				<string>Config/AppInfo.plist</string>
				<key>CODE_SIGN_ENTITLEMENTS</key>
				<string>Config/App.entitlements</string>
				<key>CODE_SIGN_STYLE</key>
				<string>Manual</string>
				<key>CODE_SIGN_IDENTITY</key>
				<string></string>
				<key>DEVELOPMENT_TEAM</key>
				<string></string>
				<key>ENABLE_HARDENED_RUNTIME</key>
				<string>YES</string>
				<key>ENABLE_APP_SANDBOX</key>
				<string>NO</string>
				<key>LD_RUNPATH_SEARCH_PATHS</key>
				<array>
					<string>$(inherited)</string>
					<string>@executable_path/../Frameworks</string>
				</array>
			</dict>
			<key>name</key>
			<string>Debug</string>
		</dict>
		<key>DDDDDDDDDDDDDDDDDDDDDDDE</key>
		<dict>
			<key>isa</key>
			<string>XCBuildConfiguration</string>
			<key>buildSettings</key>
			<dict>
				<key>PRODUCT_NAME</key>
				<string>Tokens</string>
				<key>PRODUCT_BUNDLE_IDENTIFIER</key>
				<string>local.tokensmacos.app</string>
				<key>INFOPLIST_FILE</key>
				<string>Config/AppInfo.plist</string>
				<key>CODE_SIGN_ENTITLEMENTS</key>
				<string>Config/App.entitlements</string>
				<key>CODE_SIGN_STYLE</key>
				<string>Manual</string>
				<key>CODE_SIGN_IDENTITY</key>
				<string></string>
				<key>DEVELOPMENT_TEAM</key>
				<string></string>
				<key>ENABLE_HARDENED_RUNTIME</key>
				<string>YES</string>
				<key>ENABLE_APP_SANDBOX</key>
				<string>NO</string>
				<key>LD_RUNPATH_SEARCH_PATHS</key>
				<array>
					<string>$(inherited)</string>
					<string>@executable_path/../Frameworks</string>
				</array>
			</dict>
			<key>name</key>
			<string>Release</string>
		</dict>
		<key>WBBBBBBBBBBBBBBBBBBBBBB</key>
		<dict>
			<key>isa</key>
			<string>XCConfigurationList</string>
			<key>buildConfigurations</key>
			<array>
				<string>WDDDDDDDDDDDDDDDDDDDDDD</string>
				<string>WDDDDDDDDDDDDDDDDDDDDDE</string>
			</array>
			<key>defaultConfigurationIsVisible</key>
			<integer>0</integer>
			<key>defaultConfigurationName</key>
			<string>Debug</string>
		</dict>
		<key>WDDDDDDDDDDDDDDDDDDDDDD</key>
		<dict>
			<key>isa</key>
			<string>XCBuildConfiguration</string>
			<key>buildSettings</key>
			<dict>
				<key>PRODUCT_NAME</key>
				<string>TokensWidget</string>
				<key>PRODUCT_BUNDLE_IDENTIFIER</key>
				<string>local.tokensmacos.app.widget</string>
				<key>INFOPLIST_FILE</key>
				<string>Config/WidgetInfo.plist</string>
				<key>CODE_SIGN_ENTITLEMENTS</key>
				<string>Config/Widget.entitlements</string>
				<key>CODE_SIGN_STYLE</key>
				<string>Manual</string>
				<key>CODE_SIGN_IDENTITY</key>
				<string></string>
				<key>DEVELOPMENT_TEAM</key>
				<string></string>
				<key>ENABLE_APP_SANDBOX</key>
				<string>YES</string>
				<key>SKIP_INSTALL</key>
				<string>YES</string>
				<key>LD_RUNPATH_SEARCH_PATHS</key>
				<array>
					<string>$(inherited)</string>
					<string>@executable_path/../Frameworks</string>
					<string>@executable_path/../../../../Frameworks</string>
				</array>
			</dict>
			<key>name</key>
			<string>Debug</string>
		</dict>
		<key>WDDDDDDDDDDDDDDDDDDDDDE</key>
		<dict>
			<key>isa</key>
			<string>XCBuildConfiguration</string>
			<key>buildSettings</key>
			<dict>
				<key>PRODUCT_NAME</key>
				<string>TokensWidget</string>
				<key>PRODUCT_BUNDLE_IDENTIFIER</key>
				<string>local.tokensmacos.app.widget</string>
				<key>INFOPLIST_FILE</key>
				<string>Config/WidgetInfo.plist</string>
				<key>CODE_SIGN_ENTITLEMENTS</key>
				<string>Config/Widget.entitlements</string>
				<key>CODE_SIGN_STYLE</key>
				<string>Manual</string>
				<key>CODE_SIGN_IDENTITY</key>
				<string></string>
				<key>DEVELOPMENT_TEAM</key>
				<string></string>
				<key>ENABLE_APP_SANDBOX</key>
				<string>YES</string>
				<key>SKIP_INSTALL</key>
				<string>YES</string>
				<key>LD_RUNPATH_SEARCH_PATHS</key>
				<array>
					<string>$(inherited)</string>
					<string>@executable_path/../Frameworks</string>
					<string>@executable_path/../../../../Frameworks</string>
				</array>
			</dict>
			<key>name</key>
			<string>Release</string>
		</dict>
	</dict>
	<key>rootObject</key>
	<string>999999999999999999999999</string>
</dict>
</plist>
